{
    "name": "@shocknet/clink-sdk",
    "version": "1.7.4",
    "lockfileVersion": 3,
    "requires": true,
    "packages": {
        "": {
            "name": "@shocknet/clink-sdk",
            "version": "1.7.4",
            "license": "MIT",
            "dependencies": {
                "@noble/hashes": "^1.8.0",
                "@scure/base": "^1.2.5",
                "nostr-tools": "2.15.1"
            },
            "devDependencies": {
                "@types/node": "^22.15.2",
                "rimraf": "^6.1.3",
                "typescript": "^5.9.3"
            }
        },
        "node_modules/@noble/ciphers": {
            "version": "0.5.3",
            "resolved": "https://registry.npmjs.org/@noble/ciphers/-/ciphers-0.5.3.tgz",
            "integrity": "sha512-B0+6IIHiqEs3BPMT0hcRmHvEj2QHOLu+uwt+tqDDeVd0oyVzh7BPrDcPjRnV1PV/5LaknXJJQvOuRGR0zQJz+w==",
            "license": "MIT",
            "funding": {
                "url": "https://paulmillr.com/funding/"
            }
        },
        "node_modules/@noble/curves": {
            "version": "1.2.0",
            "resolved": "https://registry.npmjs.org/@noble/curves/-/curves-1.2.0.tgz",
            "integrity": "sha512-oYclrNgRaM9SsBUBVbb8M6DTV7ZHRTKugureoYEncY5c65HOmRzvSiTE3y5CYaPYJA/GVkrhXEoF0M3Ya9PMnw==",
            "license": "MIT",
            "dependencies": {
                "@noble/hashes": "1.3.2"
            },
            "funding": {
                "url": "https://paulmillr.com/funding/"
            }
        },
        "node_modules/@noble/curves/node_modules/@noble/hashes": {
            "version": "1.3.2",
            "resolved": "https://registry.npmjs.org/@noble/hashes/-/hashes-1.3.2.tgz",
            "integrity": "sha512-MVC8EAQp7MvEcm30KWENFjgR+Mkmf+D189XJTkFIlwohU5hcBbn1ZkKq7KVTi2Hme3PMGF390DaL52beVrIihQ==",
            "license": "MIT",
            "engines": {
                "node": ">= 16"
            },
            "funding": {
                "url": "https://paulmillr.com/funding/"
            }
        },
        "node_modules/@noble/hashes": {
            "version": "1.8.0",
            "resolved": "https://registry.npmjs.org/@noble/hashes/-/hashes-1.8.0.tgz",
            "integrity": "sha512-jCs9ldd7NwzpgXDIf6P3+NrHh9/sD6CQdxHyjQI+h/6rDNo88ypBxxz45UDuZHz9r3tNz7N/VInSVoVdtXEI4A==",
            "license": "MIT",
            "engines": {
                "node": "^14.21.3 || >=16"
            },
            "funding": {
                "url": "https://paulmillr.com/funding/"
            }
        },
        "node_modules/@scure/base": {
            "version": "1.2.5",
            "resolved": "https://registry.npmjs.org/@scure/base/-/base-1.2.5.tgz",
            "integrity": "sha512-9rE6EOVeIQzt5TSu4v+K523F8u6DhBsoZWPGKlnCshhlDhy0kJzUX4V+tr2dWmzF1GdekvThABoEQBGBQI7xZw==",
            "license": "MIT",
            "funding": {
                "url": "https://paulmillr.com/funding/"
            }
        },
        "node_modules/@scure/bip32": {
            "version": "1.3.1",
            "resolved": "https://registry.npmjs.org/@scure/bip32/-/bip32-1.3.1.tgz",
            "integrity": "sha512-osvveYtyzdEVbt3OfwwXFr4P2iVBL5u1Q3q4ONBfDY/UpOuXmOlbgwc1xECEboY8wIays8Yt6onaWMUdUbfl0A==",
            "license": "MIT",
            "dependencies": {
                "@noble/curves": "~1.1.0",
                "@noble/hashes": "~1.3.1",
                "@scure/base": "~1.1.0"
            },
            "funding": {
                "url": "https://paulmillr.com/funding/"
            }
        },
        "node_modules/@scure/bip32/node_modules/@noble/curves": {
            "version": "1.1.0",
            "resolved": "https://registry.npmjs.org/@noble/curves/-/curves-1.1.0.tgz",
            "integrity": "sha512-091oBExgENk/kGj3AZmtBDMpxQPDtxQABR2B9lb1JbVTs6ytdzZNwvhxQ4MWasRNEzlbEH8jCWFCwhF/Obj5AA==",
            "license": "MIT",
            "dependencies": {
                "@noble/hashes": "1.3.1"
            },
            "funding": {
                "url": "https://paulmillr.com/funding/"
            }
        },
        "node_modules/@scure/bip32/node_modules/@noble/curves/node_modules/@noble/hashes": {
            "version": "1.3.1",
            "resolved": "https://registry.npmjs.org/@noble/hashes/-/hashes-1.3.1.tgz",
            "integrity": "sha512-EbqwksQwz9xDRGfDST86whPBgM65E0OH/pCgqW0GBVzO22bNE+NuIbeTb714+IfSjU3aRk47EUvXIb5bTsenKA==",
            "license": "MIT",
            "engines": {
                "node": ">= 16"
            },
            "funding": {
                "url": "https://paulmillr.com/funding/"
            }
        },
        "node_modules/@scure/bip32/node_modules/@noble/hashes": {
            "version": "1.3.3",
            "resolved": "https://registry.npmjs.org/@noble/hashes/-/hashes-1.3.3.tgz",
            "integrity": "sha512-V7/fPHgl+jsVPXqqeOzT8egNj2iBIVt+ECeMMG8TdcnTikP3oaBtUVqpT/gYCR68aEBJSF+XbYUxStjbFMqIIA==",
            "license": "MIT",
            "engines": {
                "node": ">= 16"
            },
            "funding": {
                "url": "https://paulmillr.com/funding/"
            }
        },
        "node_modules/@scure/bip32/node_modules/@scure/base": {
            "version": "1.1.9",
            "resolved": "https://registry.npmjs.org/@scure/base/-/base-1.1.9.tgz",
            "integrity": "sha512-8YKhl8GHiNI/pU2VMaofa2Tor7PJRAjwQLBBuilkJ9L5+13yVbC7JO/wS7piioAvPSwR3JKM1IJ/u4xQzbcXKg==",
            "license": "MIT",
            "funding": {
                "url": "https://paulmillr.com/funding/"
            }
        },
        "node_modules/@scure/bip39": {
            "version": "1.2.1",
            "resolved": "https://registry.npmjs.org/@scure/bip39/-/bip39-1.2.1.tgz",
            "integrity": "sha512-Z3/Fsz1yr904dduJD0NpiyRHhRYHdcnyh73FZWiV+/qhWi83wNJ3NWolYqCEN+ZWsUz2TWwajJggcRE9r1zUYg==",
            "license": "MIT",
            "dependencies": {
                "@noble/hashes": "~1.3.0",
                "@scure/base": "~1.1.0"
            },
            "funding": {
                "url": "https://paulmillr.com/funding/"
            }
        },
        "node_modules/@scure/bip39/node_modules/@noble/hashes": {
            "version": "1.3.3",
            "resolved": "https://registry.npmjs.org/@noble/hashes/-/hashes-1.3.3.tgz",
            "integrity": "sha512-V7/fPHgl+jsVPXqqeOzT8egNj2iBIVt+ECeMMG8TdcnTikP3oaBtUVqpT/gYCR68aEBJSF+XbYUxStjbFMqIIA==",
            "license": "MIT",
            "engines": {
                "node": ">= 16"
            },
            "funding": {
                "url": "https://paulmillr.com/funding/"
            }
        },
        "node_modules/@scure/bip39/node_modules/@scure/base": {
            "version": "1.1.9",
            "resolved": "https://registry.npmjs.org/@scure/base/-/base-1.1.9.tgz",
            "integrity": "sha512-8YKhl8GHiNI/pU2VMaofa2Tor7PJRAjwQLBBuilkJ9L5+13yVbC7JO/wS7piioAvPSwR3JKM1IJ/u4xQzbcXKg==",
            "license": "MIT",
            "funding": {
                "url": "https://paulmillr.com/funding/"
            }
        },
        "node_modules/@types/node": {
            "version": "22.15.21",
            "resolved": "https://registry.npmjs.org/@types/node/-/node-22.15.21.tgz",
            "integrity": "sha512-EV/37Td6c+MgKAbkcLG6vqZ2zEYHD7bvSrzqqs2RIhbA6w3x+Dqz8MZM3sP6kGTeLrdoOgKZe+Xja7tUB2DNkQ==",
            "dev": true,
            "license": "MIT",
            "dependencies": {
                "undici-types": "~6.21.0"
            }
        },
        "node_modules/balanced-match": {
            "version": "4.0.4",
            "resolved": "https://registry.npmjs.org/balanced-match/-/balanced-match-4.0.4.tgz",
            "integrity": "sha512-BLrgEcRTwX2o6gGxGOCNyMvGSp35YofuYzw9h1IMTRmKqttAZZVU67bdb9Pr2vUHA8+j3i2tJfjO6C6+4myGTA==",
            "dev": true,
            "license": "MIT",
            "engines": {
                "node": "18 || 20 || >=22"
            }
        },
        "node_modules/brace-expansion": {
            "version": "5.0.8",
            "resolved": "https://registry.npmjs.org/brace-expansion/-/brace-expansion-5.0.8.tgz",
            "integrity": "sha512-JZyDyq3D4AUifKTPOB7DELf6XsB3WdPuNxCtob1vFXPsSXhdAiHBWJ/tJ8HAc9aH84BK+5JFZLNkJKx3G9kzQg==",
            "dev": true,
            "license": "MIT",
            "dependencies": {
                "balanced-match": "^4.0.2"
            },
            "engines": {
                "node": "20 || >=22"
            }
        },
        "node_modules/glob": {
            "version": "13.0.6",
            "resolved": "https://registry.npmjs.org/glob/-/glob-13.0.6.tgz",
            "integrity": "sha512-Wjlyrolmm8uDpm/ogGyXZXb1Z+Ca2B8NbJwqBVg0axK9GbBeoS7yGV6vjXnYdGm6X53iehEuxxbyiKp8QmN4Vw==",
            "dev": true,
            "license": "BlueOak-1.0.0",
            "dependencies": {
                "minimatch": "^10.2.2",
                "minipass": "^7.1.3",
                "path-scurry": "^2.0.2"
            },
            "engines": {
                "node": "18 || 20 || >=22"
            },
            "funding": {
                "url": "https://github.com/sponsors/isaacs"
            }
        },
        "node_modules/lru-cache": {
            "version": "11.5.2",
            "resolved": "https://registry.npmjs.org/lru-cache/-/lru-cache-11.5.2.tgz",
            "integrity": "sha512-4pfM1Ff0x50o0tQwb5ucw/RzNyD0/YJME6IVcStalZuMWxdt3sR3huStTtxz4PUmvZfRguvDejasvQ2kifR11g==",
            "dev": true,
            "license": "BlueOak-1.0.0",
            "engines": {
                "node": "20 || >=22"
            }
        },
        "node_modules/minimatch": {
            "version": "10.2.5",
            "resolved": "https://registry.npmjs.org/minimatch/-/minimatch-10.2.5.tgz",
            "integrity": "sha512-MULkVLfKGYDFYejP07QOurDLLQpcjk7Fw+7jXS2R2czRQzR56yHRveU5NDJEOviH+hETZKSkIk5c+T23GjFUMg==",
            "dev": true,
            "license": "BlueOak-1.0.0",
            "dependencies": {
                "brace-expansion": "^5.0.5"
            },
            "engines": {
                "node": "18 || 20 || >=22"
            },
            "funding": {
                "url": "https://github.com/sponsors/isaacs"
            }
        },
        "node_modules/minipass": {
            "version": "7.1.3",
            "resolved": "https://registry.npmjs.org/minipass/-/minipass-7.1.3.tgz",
            "integrity": "sha512-tEBHqDnIoM/1rXME1zgka9g6Q2lcoCkxHLuc7ODJ5BxbP5d4c2Z5cGgtXAku59200Cx7diuHTOYfSBD8n6mm8A==",
            "dev": true,
            "license": "BlueOak-1.0.0",
            "engines": {
                "node": ">=16 || 14 >=14.17"
            }
        },
        "node_modules/nostr-tools": {
            "version": "2.15.1",
            "resolved": "https://registry.npmjs.org/nostr-tools/-/nostr-tools-2.15.1.tgz",
            "integrity": "sha512-LpetHDR9ltnkpJDkva/SONgyKBbsoV+5yLB8DWc0/U3lCWGtoWJw6Nbc2vR2Ai67RIQYrBQeZLyMlhwVZRK/9A==",
            "license": "Unlicense",
            "dependencies": {
                "@noble/ciphers": "^0.5.1",
                "@noble/curves": "1.2.0",
                "@noble/hashes": "1.3.1",
                "@scure/base": "1.1.1",
                "@scure/bip32": "1.3.1",
                "@scure/bip39": "1.2.1",
                "nostr-wasm": "0.1.0"
            },
            "peerDependencies": {
                "typescript": ">=5.0.0"
            },
            "peerDependenciesMeta": {
                "typescript": {
                    "optional": true
                }
            }
        },
        "node_modules/nostr-tools/node_modules/@noble/hashes": {
            "version": "1.3.1",
            "resolved": "https://registry.npmjs.org/@noble/hashes/-/hashes-1.3.1.tgz",
            "integrity": "sha512-EbqwksQwz9xDRGfDST86whPBgM65E0OH/pCgqW0GBVzO22bNE+NuIbeTb714+IfSjU3aRk47EUvXIb5bTsenKA==",
            "license": "MIT",
            "engines": {
                "node": ">= 16"
            },
            "funding": {
                "url": "https://paulmillr.com/funding/"
            }
        },
        "node_modules/nostr-tools/node_modules/@scure/base": {
            "version": "1.1.1",
            "resolved": "https://registry.npmjs.org/@scure/base/-/base-1.1.1.tgz",
            "integrity": "sha512-ZxOhsSyxYwLJj3pLZCefNitxsj093tb2vq90mp2txoYeBqbcjDjqFhyM8eUjq/uFm6zJ+mUuqxlS2FkuSY1MTA==",
            "funding": [
                {
                    "type": "individual",
                    "url": "https://paulmillr.com/funding/"
                }
            ],
            "license": "MIT"
        },
        "node_modules/nostr-wasm": {
            "version": "0.1.0",
            "resolved": "https://registry.npmjs.org/nostr-wasm/-/nostr-wasm-0.1.0.tgz",
            "integrity": "sha512-78BTryCLcLYv96ONU8Ws3Q1JzjlAt+43pWQhIl86xZmWeegYCNLPml7yQ+gG3vR6V5h4XGj+TxO+SS5dsThQIA==",
            "license": "MIT"
        },
        "node_modules/package-json-from-dist": {
            "version": "1.0.1",
            "resolved": "https://registry.npmjs.org/package-json-from-dist/-/package-json-from-dist-1.0.1.tgz",
            "integrity": "sha512-UEZIS3/by4OC8vL3P2dTXRETpebLI2NiI5vIrjaD/5UtrkFX/tNbwjTSRAGC/+7CAo2pIcBaRgWmcBBHcsaCIw==",
            "dev": true,
            "license": "BlueOak-1.0.0"
        },
        "node_modules/path-scurry": {
            "version": "2.0.2",
            "resolved": "https://registry.npmjs.org/path-scurry/-/path-scurry-2.0.2.tgz",
            "integrity": "sha512-3O/iVVsJAPsOnpwWIeD+d6z/7PmqApyQePUtCndjatj/9I5LylHvt5qluFaBT3I5h3r1ejfR056c+FCv+NnNXg==",
            "dev": true,
            "license": "BlueOak-1.0.0",
            "dependencies": {
                "lru-cache": "^11.0.0",
                "minipass": "^7.1.2"
            },
            "engines": {
                "node": "18 || 20 || >=22"
            },
            "funding": {
                "url": "https://github.com/sponsors/isaacs"
            }
        },
        "node_modules/rimraf": {
            "version": "6.1.3",
            "resolved": "https://registry.npmjs.org/rimraf/-/rimraf-6.1.3.tgz",
            "integrity": "sha512-LKg+Cr2ZF61fkcaK1UdkH2yEBBKnYjTyWzTJT6KNPcSPaiT7HSdhtMXQuN5wkTX0Xu72KQ1l8S42rlmexS2hSA==",
            "dev": true,
            "license": "BlueOak-1.0.0",
            "dependencies": {
                "glob": "^13.0.3",
                "package-json-from-dist": "^1.0.1"
            },
            "bin": {
                "rimraf": "dist/esm/bin.mjs"
            },
            "engines": {
                "node": "20 || >=22"
            },
            "funding": {
                "url": "https://github.com/sponsors/isaacs"
            }
        },
        "node_modules/typescript": {
            "version": "5.9.3",
            "resolved": "https://registry.npmjs.org/typescript/-/typescript-5.9.3.tgz",
            "integrity": "sha512-jl1vZzPDinLr9eUt3J/t7V6FgNEw9QjvBPdysz9KfQDD41fQrC2Y4vKQdiaUpFT4bXlb1RHhLpp8wtm6M5TgSw==",
            "devOptional": true,
            "license": "Apache-2.0",
            "peer": true,
            "bin": {
                "tsc": "bin/tsc",
                "tsserver": "bin/tsserver"
            },
            "engines": {
                "node": ">=14.17"
            }
        },
        "node_modules/undici-types": {
            "version": "6.21.0",
            "resolved": "https://registry.npmjs.org/undici-types/-/undici-types-6.21.0.tgz",
            "integrity": "sha512-iwDZqg0QAGrg9Rav5H4n0M64c3mkR59cJ6wQp+7C4nI0gsmExaedaYLNO44eT4AtBBwjbTiGPMlt2Md0T9H9JQ==",
            "dev": true,
            "license": "MIT"
        }
    }
}
